
Microsoft Visual Studio Solution File, Format Version 12.00
# Visual Studio Version 17
VisualStudioVersion = 17.0.31912.275
MinimumVisualStudioVersion = 10.0.40219.1
Project("{FAE04EC0-301F-11D3-BF4B-00C04F79EFBC}") = "Przeglądarka 3P", "Przeglądarka 3P\Przeglądarka 3P.csproj", "{E07C848A-28F3-4EE9-85B0-8C9FFF1B14F0}"
EndProject
Global
	GlobalSection(SolutionConfigurationPlatforms) = preSolution
		Debug|Any CPU = Debug|Any CPU
		Release|Any CPU = Release|Any CPU
	EndGlobalSection
	GlobalSection(ProjectConfigurationPlatforms) = postSolution
		{E07C848A-28F3-4EE9-85B0-8C9FFF1B14F0}.Debug|Any CPU.ActiveCfg = Debug|Any CPU
		{E07C848A-28F3-4EE9-85B0-8C9FFF1B14F0}.Debug|Any CPU.Build.0 = Debug|Any CPU
		{E07C848A-28F3-4EE9-85B0-8C9FFF1B14F0}.Release|Any CPU.ActiveCfg = Release|Any CPU
		{E07C848A-28F3-4EE9-85B0-8C9FFF1B14F0}.Release|Any CPU.Build.0 = Release|Any CPU
	EndGlobalSection
	GlobalSection(SolutionProperties) = preSolution
		HideSolutionNode = FALSE
	EndGlobalSection
	GlobalSection(ExtensibilityGlobals) = postSolution
		SolutionGuid = {F31D4C2B-1B34-4C13-A8AD-B1172DA288F3}
	EndGlobalSection
EndGlobal
